PODS:
  - AdfurikunSDK-iOS/AdMob (4.3.0):
    - AdfurikunSDK-iOS/Core
    - Google-Mobile-Ads-SDK (< 13.0, >= 11.2.0)
  - AdfurikunSDK-iOS/Afio (4.3.0):
    - AdfurikunSDK-iOS/Core
    - AMoAd (<= 6.2.7)
  - AdfurikunSDK-iOS/Core (4.3.0)
  - AdfurikunSDK-iOS/Five (4.3.0):
    - AdfurikunSDK-iOS/Core
    - FiveAd (= 2.9.20251119)
  - AdfurikunSDK-iOS/InMobi (4.3.0):
    - AdfurikunSDK-iOS/Core
    - InMobiSDK (= 11.1.0)
  - AdfurikunSDK-iOS/Pangle (4.3.0):
    - AdfurikunSDK-iOS/Core
    - Ads-Global (= 7.8.0.5)
  - Adjust (5.6.2):
    - Adjust/Adjust (= 5.6.2)
  - Adjust/Adjust (5.6.2):
    - AdjustSignature (= 3.67.0)
  - adjust_sdk (5.6.1):
    - Adjust (= 5.6.2)
    - Flutter
  - AdjustSignature (3.67.0)
  - Ads-Global (7.8.0.5):
    - Ads-Global/BUAdSDK (= 7.8.0.5)
  - Ads-Global/BUAdSDK (7.8.0.5):
    - Ads-Global/PangleSDK
    - Ads-Global/TikTokBusinessSDK
  - Ads-Global/PangleSDK (7.8.0.5)
  - Ads-Global/TikTokBusinessSDK (7.8.0.5)
  - AMoAd (6.2.7)
  - app_links (6.4.1):
    - Flutter
  - applovin_max (4.6.2):
    - AppLovinSDK (= 13.6.0)
    - Flutter
  - AppLovinMediationByteDanceAdapter (7.8.0.5.0):
    - Ads-Global (= 7.8.0.5)
    - AppLovinSDK (>= 13.0.0)
  - AppLovinMediationGoogleAdManagerAdapter (12.14.0.0):
    - AppLovinSDK (>= 13.0.0)
    - Google-Mobile-Ads-SDK (= 12.14.0)
  - AppLovinMediationInMobiAdapter (11.1.0.0):
    - AppLovinSDK (>= 13.0.0)
    - InMobiSDK (= 11.1.0)
  - AppLovinMediationLineAdapter (2.9.20251119.0):
    - AppLovinSDK (>= 13.0.0)
    - FiveAd (= 2.9.20251119)
  - AppLovinMediationMaioAdapter (2.1.6.0):
    - AppLovinSDK
    - MaioSDK-v2 (= 2.1.6)
  - AppLovinSDK (13.6.0)
  - camera_avfoundation (0.0.1):
    - Flutter
  - CocoaAsyncSocket (7.6.5)
  - connectivity_plus (0.0.1):
    - Flutter
  - device_info_plus (0.0.1):
    - Flutter
  - Firebase/CoreOnly (12.9.0):
    - FirebaseCore (~> 12.9.0)
  - Firebase/Crashlytics (12.9.0):
    - Firebase/CoreOnly
    - FirebaseCrashlytics (~> 12.9.0)
  - Firebase/Messaging (12.9.0):
    - Firebase/CoreOnly
    - FirebaseMessaging (~> 12.9.0)
  - Firebase/Performance (12.9.0):
    - Firebase/CoreOnly
    - FirebasePerformance (~> 12.9.0)
  - firebase_analytics (12.1.3):
    - firebase_core
    - FirebaseAnalytics (= 12.9.0)
    - Flutter
  - firebase_core (4.6.0):
    - Firebase/CoreOnly (= 12.9.0)
    - Flutter
  - firebase_crashlytics (5.1.0):
    - Firebase/Crashlytics (= 12.9.0)
    - firebase_core
    - Flutter
  - firebase_messaging (16.1.1):
    - Firebase/Messaging (= 12.9.0)
    - firebase_core
    - Flutter
  - firebase_performance (0.11.1-5):
    - Firebase/Performance (= 12.9.0)
    - firebase_core
    - Flutter
  - FirebaseABTesting (12.9.0):
    - FirebaseCore (~> 12.9.0)
  - FirebaseAnalytics (12.9.0):
    - FirebaseAnalytics/Default (= 12.9.0)
    - FirebaseCore (~> 12.9.0)
    - FirebaseInstallations (~> 12.9.0)
    - GoogleUtilities/AppDelegateSwizzler (~> 8.1)
    - GoogleUtilities/MethodSwizzler (~> 8.1)
    - GoogleUtilities/Network (~> 8.1)
    - "GoogleUtilities/NSData+zlib (~> 8.1)"
    - nanopb (~> 3.30910.0)
  - FirebaseAnalytics/Default (12.9.0):
    - FirebaseCore (~> 12.9.0)
    - FirebaseInstallations (~> 12.9.0)
    - GoogleAppMeasurement/Default (= 12.9.0)
    - GoogleUtilities/AppDelegateSwizzler (~> 8.1)
    - GoogleUtilities/MethodSwizzler (~> 8.1)
    - GoogleUtilities/Network (~> 8.1)
    - "GoogleUtilities/NSData+zlib (~> 8.1)"
    - nanopb (~> 3.30910.0)
  - FirebaseCore (12.9.0):
    - FirebaseCoreInternal (~> 12.9.0)
    - GoogleUtilities/Environment (~> 8.1)
    - GoogleUtilities/Logger (~> 8.1)
  - FirebaseCoreExtension (12.9.0):
    - FirebaseCore (~> 12.9.0)
  - FirebaseCoreInternal (12.9.0):
    - "GoogleUtilities/NSData+zlib (~> 8.1)"
  - FirebaseCrashlytics (12.9.0):
    - FirebaseCore (~> 12.9.0)
    - FirebaseInstallations (~> 12.9.0)
    - FirebaseRemoteConfigInterop (~> 12.9.0)
    - FirebaseSessions (~> 12.9.0)
    - GoogleDataTransport (~> 10.1)
    - GoogleUtilities/Environment (~> 8.1)
    - nanopb (~> 3.30910.0)
    - PromisesObjC (~> 2.4)
  - FirebaseInstallations (12.9.0):
    - FirebaseCore (~> 12.9.0)
    - GoogleUtilities/Environment (~> 8.1)
    - GoogleUtilities/UserDefaults (~> 8.1)
    - PromisesObjC (~> 2.4)
  - FirebaseMessaging (12.9.0):
    - FirebaseCore (~> 12.9.0)
    - FirebaseInstallations (~> 12.9.0)
    - GoogleDataTransport (~> 10.1)
    - GoogleUtilities/AppDelegateSwizzler (~> 8.1)
    - GoogleUtilities/Environment (~> 8.1)
    - GoogleUtilities/Reachability (~> 8.1)
    - GoogleUtilities/UserDefaults (~> 8.1)
    - nanopb (~> 3.30910.0)
  - FirebasePerformance (12.9.0):
    - FirebaseCore (~> 12.9.0)
    - FirebaseInstallations (~> 12.9.0)
    - FirebaseRemoteConfig (~> 12.9.0)
    - FirebaseSessions (~> 12.9.0)
    - GoogleDataTransport (~> 10.1)
    - GoogleUtilities/Environment (~> 8.1)
    - GoogleUtilities/MethodSwizzler (~> 8.1)
    - GoogleUtilities/UserDefaults (~> 8.1)
    - nanopb (~> 3.30910.0)
  - FirebaseRemoteConfig (12.9.0):
    - FirebaseABTesting (~> 12.9.0)
    - FirebaseCore (~> 12.9.0)
    - FirebaseInstallations (~> 12.9.0)
    - FirebaseRemoteConfigInterop (~> 12.9.0)
    - FirebaseSharedSwift (~> 12.9.0)
    - GoogleUtilities/Environment (~> 8.1)
    - "GoogleUtilities/NSData+zlib (~> 8.1)"
  - FirebaseRemoteConfigInterop (12.9.0)
  - FirebaseSessions (12.9.0):
    - FirebaseCore (~> 12.9.0)
    - FirebaseCoreExtension (~> 12.9.0)
    - FirebaseInstallations (~> 12.9.0)
    - GoogleDataTransport (~> 10.1)
    - GoogleUtilities/Environment (~> 8.1)
    - GoogleUtilities/UserDefaults (~> 8.1)
    - nanopb (~> 3.30910.0)
    - PromisesSwift (~> 2.1)
  - FirebaseSharedSwift (12.9.0)
  - FiveAd (2.9.20251119)
  - Flutter (1.0.0)
  - flutter_secure_storage (6.0.0):
    - Flutter
  - Google-Mobile-Ads-SDK (12.14.0):
    - GoogleUserMessagingPlatform (>= 1.1)
  - google_mlkit_commons (0.9.0):
    - Flutter
    - MLKitVision
  - google_mlkit_text_recognition (0.14.0):
    - Flutter
    - google_mlkit_commons
    - GoogleMLKit/TextRecognition (~> 7.0.0)
  - google_mobile_ads (7.0.0):
    - Flutter
    - Google-Mobile-Ads-SDK (~> 12.14.0)
    - webview_flutter_wkwebview
  - GoogleAdsOnDeviceConversion (3.2.0):
    - GoogleUtilities/Environment (~> 8.1)
    - GoogleUtilities/Logger (~> 8.1)
    - GoogleUtilities/Network (~> 8.1)
    - nanopb (~> 3.30910.0)
  - GoogleAppMeasurement/Core (12.9.0):
    - GoogleUtilities/AppDelegateSwizzler (~> 8.1)
    - GoogleUtilities/MethodSwizzler (~> 8.1)
    - GoogleUtilities/Network (~> 8.1)
    - "GoogleUtilities/NSData+zlib (~> 8.1)"
    - nanopb (~> 3.30910.0)
  - GoogleAppMeasurement/Default (12.9.0):
    - GoogleAdsOnDeviceConversion (~> 3.2.0)
    - GoogleAppMeasurement/Core (= 12.9.0)
    - GoogleAppMeasurement/IdentitySupport (= 12.9.0)
    - GoogleUtilities/AppDelegateSwizzler (~> 8.1)
    - GoogleUtilities/MethodSwizzler (~> 8.1)
    - GoogleUtilities/Network (~> 8.1)
    - "GoogleUtilities/NSData+zlib (~> 8.1)"
    - nanopb (~> 3.30910.0)
  - GoogleAppMeasurement/IdentitySupport (12.9.0):
    - GoogleAppMeasurement/Core (= 12.9.0)
    - GoogleUtilities/AppDelegateSwizzler (~> 8.1)
    - GoogleUtilities/MethodSwizzler (~> 8.1)
    - GoogleUtilities/Network (~> 8.1)
    - "GoogleUtilities/NSData+zlib (~> 8.1)"
    - nanopb (~> 3.30910.0)
  - GoogleDataTransport (10.1.0):
    - nanopb (~> 3.30910.0)
    - PromisesObjC (~> 2.4)
  - GoogleMLKit/MLKitCore (7.0.0):
    - MLKitCommon (~> 12.0.0)
  - GoogleMLKit/TextRecognition (7.0.0):
    - GoogleMLKit/MLKitCore
    - MLKitTextRecognition (~> 5.0.0)
  - GoogleToolboxForMac/Defines (4.2.1)
  - GoogleToolboxForMac/Logger (4.2.1):
    - GoogleToolboxForMac/Defines (= 4.2.1)
  - "GoogleToolboxForMac/NSData+zlib (4.2.1)":
    - GoogleToolboxForMac/Defines (= 4.2.1)
  - GoogleUserMessagingPlatform (3.1.0)
  - GoogleUtilities/AppDelegateSwizzler (8.1.0):
    - GoogleUtilities/Environment
    - GoogleUtilities/Logger
    - GoogleUtilities/Network
    - GoogleUtilities/Privacy
  - GoogleUtilities/Environment (8.1.0):
    - GoogleUtilities/Privacy
  - GoogleUtilities/Logger (8.1.0):
    - GoogleUtilities/Environment
    - GoogleUtilities/Privacy
  - GoogleUtilities/MethodSwizzler (8.1.0):
    - GoogleUtilities/Logger
    - GoogleUtilities/Privacy
  - GoogleUtilities/Network (8.1.0):
    - GoogleUtilities/Logger
    - "GoogleUtilities/NSData+zlib"
    - GoogleUtilities/Privacy
    - GoogleUtilities/Reachability
  - "GoogleUtilities/NSData+zlib (8.1.0)":
    - GoogleUtilities/Privacy
  - GoogleUtilities/Privacy (8.1.0)
  - GoogleUtilities/Reachability (8.1.0):
    - GoogleUtilities/Logger
    - GoogleUtilities/Privacy
  - GoogleUtilities/UserDefaults (8.1.0):
    - GoogleUtilities/Logger
    - GoogleUtilities/Privacy
  - GTMSessionFetcher/Core (3.5.0)
  - in_app_review (2.0.0):
    - Flutter
  - InMobiSDK (11.1.0)
  - integration_test (0.0.1):
    - Flutter
  - MaioSDK-v2 (2.1.6)
  - MLImage (1.0.0-beta6)
  - MLKitCommon (12.0.0):
    - GoogleDataTransport (~> 10.0)
    - GoogleToolboxForMac/Logger (< 5.0, >= 4.2.1)
    - "GoogleToolboxForMac/NSData+zlib (< 5.0, >= 4.2.1)"
    - GoogleUtilities/Logger (~> 8.0)
    - GoogleUtilities/UserDefaults (~> 8.0)
    - GTMSessionFetcher/Core (< 4.0, >= 3.3.2)
  - MLKitTextRecognition (5.0.0):
    - MLKitCommon (~> 12.0)
    - MLKitTextRecognitionCommon (= 4.0.0)
    - MLKitVision (~> 8.0)
  - MLKitTextRecognitionCommon (4.0.0):
    - MLKitCommon (~> 12.0)
    - MLKitVision (~> 8.0)
  - MLKitVision (8.0.0):
    - GoogleToolboxForMac/Logger (< 5.0, >= 4.2.1)
    - "GoogleToolboxForMac/NSData+zlib (< 5.0, >= 4.2.1)"
    - GTMSessionFetcher/Core (< 4.0, >= 3.3.2)
    - MLImage (= 1.0.0-beta6)
    - MLKitCommon (~> 12.0)
  - nanopb (3.30910.0):
    - nanopb/decode (= 3.30910.0)
    - nanopb/encode (= 3.30910.0)
  - nanopb/decode (3.30910.0)
  - nanopb/encode (3.30910.0)
  - path_provider_foundation (0.0.1):
    - Flutter
    - FlutterMacOS
  - patrol (0.0.1):
    - CocoaAsyncSocket (~> 7.6)
    - Flutter
    - FlutterMacOS
  - permission_handler_apple (9.3.0):
    - Flutter
  - PromisesObjC (2.4.0)
  - PromisesSwift (2.4.0):
    - PromisesObjC (= 2.4.0)
  - screen_brightness_ios (0.1.0):
    - Flutter
  - screen_protector (1.5.1):
    - Flutter
    - ScreenProtectorKit (= 1.5.1)
  - ScreenProtectorKit (1.5.1)
  - share_plus (0.0.1):
    - Flutter
  - shared_preferences_foundation (0.0.1):
    - Flutter
    - FlutterMacOS
  - sqflite_darwin (0.0.4):
    - Flutter
    - FlutterMacOS
  - url_launcher_ios (0.0.1):
    - Flutter
  - webview_flutter_wkwebview (0.0.1):
    - Flutter
    - FlutterMacOS

DEPENDENCIES:
  - AdfurikunSDK-iOS/AdMob (= 4.3.0)
  - AdfurikunSDK-iOS/Afio (= 4.3.0)
  - AdfurikunSDK-iOS/Five (= 4.3.0)
  - AdfurikunSDK-iOS/InMobi (= 4.3.0)
  - AdfurikunSDK-iOS/Pangle (= 4.3.0)
  - adjust_sdk (from `.symlinks/plugins/adjust_sdk/ios`)
  - app_links (from `.symlinks/plugins/app_links/ios`)
  - applovin_max (from `.symlinks/plugins/applovin_max/ios`)
  - AppLovinMediationByteDanceAdapter (= 7.8.0.5.0)
  - AppLovinMediationGoogleAdManagerAdapter (= 12.14.0.0)
  - AppLovinMediationInMobiAdapter (= 11.1.0.0)
  - AppLovinMediationLineAdapter (= 2.9.20251119.0)
  - AppLovinMediationMaioAdapter (= 2.1.6.0)
  - camera_avfoundation (from `.symlinks/plugins/camera_avfoundation/ios`)
  - connectivity_plus (from `.symlinks/plugins/connectivity_plus/ios`)
  - device_info_plus (from `.symlinks/plugins/device_info_plus/ios`)
  - firebase_analytics (from `.symlinks/plugins/firebase_analytics/ios`)
  - firebase_core (from `.symlinks/plugins/firebase_core/ios`)
  - firebase_crashlytics (from `.symlinks/plugins/firebase_crashlytics/ios`)
  - firebase_messaging (from `.symlinks/plugins/firebase_messaging/ios`)
  - firebase_performance (from `.symlinks/plugins/firebase_performance/ios`)
  - Flutter (from `Flutter`)
  - flutter_secure_storage (from `.symlinks/plugins/flutter_secure_storage/ios`)
  - google_mlkit_commons (from `.symlinks/plugins/google_mlkit_commons/ios`)
  - google_mlkit_text_recognition (from `.symlinks/plugins/google_mlkit_text_recognition/ios`)
  - google_mobile_ads (from `.symlinks/plugins/google_mobile_ads/ios`)
  - in_app_review (from `.symlinks/plugins/in_app_review/ios`)
  - integration_test (from `.symlinks/plugins/integration_test/ios`)
  - path_provider_foundation (from `.symlinks/plugins/path_provider_foundation/darwin`)
  - patrol (from `.symlinks/plugins/patrol/darwin`)
  - permission_handler_apple (from `.symlinks/plugins/permission_handler_apple/ios`)
  - screen_brightness_ios (from `.symlinks/plugins/screen_brightness_ios/ios`)
  - screen_protector (from `.symlinks/plugins/screen_protector/ios`)
  - share_plus (from `.symlinks/plugins/share_plus/ios`)
  - shared_preferences_foundation (from `.symlinks/plugins/shared_preferences_foundation/darwin`)
  - sqflite_darwin (from `.symlinks/plugins/sqflite_darwin/darwin`)
  - url_launcher_ios (from `.symlinks/plugins/url_launcher_ios/ios`)
  - webview_flutter_wkwebview (from `.symlinks/plugins/webview_flutter_wkwebview/darwin`)

SPEC REPOS:
  trunk:
    - AdfurikunSDK-iOS
    - Adjust
    - AdjustSignature
    - Ads-Global
    - AMoAd
    - AppLovinMediationByteDanceAdapter
    - AppLovinMediationGoogleAdManagerAdapter
    - AppLovinMediationInMobiAdapter
    - AppLovinMediationLineAdapter
    - AppLovinMediationMaioAdapter
    - AppLovinSDK
    - CocoaAsyncSocket
    - Firebase
    - FirebaseABTesting
    - FirebaseAnalytics
    - FirebaseCore
    - FirebaseCoreExtension
    - FirebaseCoreInternal
    - FirebaseCrashlytics
    - FirebaseInstallations
    - FirebaseMessaging
    - FirebasePerformance
    - FirebaseRemoteConfig
    - FirebaseRemoteConfigInterop
    - FirebaseSessions
    - FirebaseSharedSwift
    - FiveAd
    - Google-Mobile-Ads-SDK
    - GoogleAdsOnDeviceConversion
    - GoogleAppMeasurement
    - GoogleDataTransport
    - GoogleMLKit
    - GoogleToolboxForMac
    - GoogleUserMessagingPlatform
    - GoogleUtilities
    - GTMSessionFetcher
    - InMobiSDK
    - MaioSDK-v2
    - MLImage
    - MLKitCommon
    - MLKitTextRecognition
    - MLKitTextRecognitionCommon
    - MLKitVision
    - nanopb
    - PromisesObjC
    - PromisesSwift
    - ScreenProtectorKit

EXTERNAL SOURCES:
  adjust_sdk:
    :path: ".symlinks/plugins/adjust_sdk/ios"
  app_links:
    :path: ".symlinks/plugins/app_links/ios"
  applovin_max:
    :path: ".symlinks/plugins/applovin_max/ios"
  camera_avfoundation:
    :path: ".symlinks/plugins/camera_avfoundation/ios"
  connectivity_plus:
    :path: ".symlinks/plugins/connectivity_plus/ios"
  device_info_plus:
    :path: ".symlinks/plugins/device_info_plus/ios"
  firebase_analytics:
    :path: ".symlinks/plugins/firebase_analytics/ios"
  firebase_core:
    :path: ".symlinks/plugins/firebase_core/ios"
  firebase_crashlytics:
    :path: ".symlinks/plugins/firebase_crashlytics/ios"
  firebase_messaging:
    :path: ".symlinks/plugins/firebase_messaging/ios"
  firebase_performance:
    :path: ".symlinks/plugins/firebase_performance/ios"
  Flutter:
    :path: Flutter
  flutter_secure_storage:
    :path: ".symlinks/plugins/flutter_secure_storage/ios"
  google_mlkit_commons:
    :path: ".symlinks/plugins/google_mlkit_commons/ios"
  google_mlkit_text_recognition:
    :path: ".symlinks/plugins/google_mlkit_text_recognition/ios"
  google_mobile_ads:
    :path: ".symlinks/plugins/google_mobile_ads/ios"
  in_app_review:
    :path: ".symlinks/plugins/in_app_review/ios"
  integration_test:
    :path: ".symlinks/plugins/integration_test/ios"
  path_provider_foundation:
    :path: ".symlinks/plugins/path_provider_foundation/darwin"
  patrol:
    :path: ".symlinks/plugins/patrol/darwin"
  permission_handler_apple:
    :path: ".symlinks/plugins/permission_handler_apple/ios"
  screen_brightness_ios:
    :path: ".symlinks/plugins/screen_brightness_ios/ios"
  screen_protector:
    :path: ".symlinks/plugins/screen_protector/ios"
  share_plus:
    :path: ".symlinks/plugins/share_plus/ios"
  shared_preferences_foundation:
    :path: ".symlinks/plugins/shared_preferences_foundation/darwin"
  sqflite_darwin:
    :path: ".symlinks/plugins/sqflite_darwin/darwin"
  url_launcher_ios:
    :path: ".symlinks/plugins/url_launcher_ios/ios"
  webview_flutter_wkwebview:
    :path: ".symlinks/plugins/webview_flutter_wkwebview/darwin"

SPEC CHECKSUMS:
  AdfurikunSDK-iOS: f052d3b80cf6d4b840484619e22e89ec91822d26
  Adjust: 62ea53a252534df416676e7ac2f1558d60e6e39e
  adjust_sdk: b0f5480ca829d23c08a51934c634893aa8cc01e0
  AdjustSignature: 9498705a4ac67b719e31828be4d74fbb8656950c
  Ads-Global: f4958eaa8e92b32a05fab125fed7822be81cf878
  AMoAd: e63ccfe84d9cefe07e03442c2e63753cc0a5f729
  app_links: 3dbc685f76b1693c66a6d9dd1e9ab6f73d97dc0a
  applovin_max: 48b3939a5e8e99e54ebacaff210fdae476fe1f88
  AppLovinMediationByteDanceAdapter: 7b4cc00ecd2cc856a3b9ec6c456f5570dd770276
  AppLovinMediationGoogleAdManagerAdapter: f958f755741c0f9184b04b7f9e388fbbe07d018b
  AppLovinMediationInMobiAdapter: 08523b56427250dae5e79408134461504ec50fe0
  AppLovinMediationLineAdapter: 0f1217d3e32f1ad5b46eb1f714d76c7a8854251a
  AppLovinMediationMaioAdapter: e399d8fcdf8ce4737600fcc9e19b9d33c6ea993d
  AppLovinSDK: c516661fbeb9d7ba1ec8c10c8da60581178a6204
  camera_avfoundation: 5675ca25298b6f81fa0a325188e7df62cc217741
  CocoaAsyncSocket: 065fd1e645c7abab64f7a6a2007a48038fdc6a99
  connectivity_plus: cb623214f4e1f6ef8fe7403d580fdad517d2f7dd
  device_info_plus: 21fcca2080fbcd348be798aa36c3e5ed849eefbe
  Firebase: 065f2bb395062046623036d8e6dc857bc2521d56
  firebase_analytics: 6903a46192a92993abde88152a14ce1df1c0de2f
  firebase_core: 8e6f58412ca227827c366b92e7cee047a2148c60
  firebase_crashlytics: c399f9682c474beb06a89c11dfab04db537f3cd2
  firebase_messaging: ea4e2fc0ab0b77d0b28953676b709c7799977f45
  firebase_performance: a14e0fcd8c20835c2d6a96c6a948c976ba010805
  FirebaseABTesting: a399ffe546392a39b19a5c2fb28bd8ea178a6f47
  FirebaseAnalytics: cd7d01d352f3c237c9a0e31552c257cd0b0c0352
  FirebaseCore: 428912f751178b06bef0a1793effeb4a5e09a9b8
  FirebaseCoreExtension: e911052d59cd0da237a45d706fc0f81654f035c1
  FirebaseCoreInternal: b321eafae5362113bc182956fafc9922cfc77b72
  FirebaseCrashlytics: 43913d587ef07beaf5db703baa61eacf9554658c
  FirebaseInstallations: 7b64ffd006032b2b019a59b803858df5112d9eaa
  FirebaseMessaging: 7d6cdbff969127c4151c824fe432f0e301210f15
  FirebasePerformance: 94f614453614d8bb2a1a0177f3a1a6d2dbf4c504
  FirebaseRemoteConfig: a2f6545e41551ffb520241d38b5d3d6776c9ebe8
  FirebaseRemoteConfigInterop: 765ee19cd2bfa8e54937c8dae901eb634ad6787d
  FirebaseSessions: a2d06fd980431fda934c7a543901aca05fc4edcc
  FirebaseSharedSwift: 9d2fa84a46676302b89dbd5e6e62bce2fe376909
  FiveAd: b6aa39df9d85404527f14a9c7729eadbb4cdc799
  Flutter: cabc95a1d2626b1b06e7179b784ebcf0c0cde467
  flutter_secure_storage: 1ed9476fba7e7a782b22888f956cce43e2c62f13
  Google-Mobile-Ads-SDK: 4534fd2dfcd3f705c5485a6633c5188d03d4eed2
  google_mlkit_commons: 92c769cc2e0a2bfdeb3c38091a36e8a9cc8c63d4
  google_mlkit_text_recognition: d70cc1ed5064db39fce44d77b2c5449adc39a13d
  google_mobile_ads: df3008bafbe1f2ad6862f87334e560d2f047f902
  GoogleAdsOnDeviceConversion: d68c69dd9581a0f5da02617b6f377e5be483970f
  GoogleAppMeasurement: fce7c1c90640d2f9f5c56771f71deacb2ba3f98c
  GoogleDataTransport: aae35b7ea0c09004c3797d53c8c41f66f219d6a7
  GoogleMLKit: eff9e23ec1d90ea4157a1ee2e32a4f610c5b3318
  GoogleToolboxForMac: d1a2cbf009c453f4d6ded37c105e2f67a32206d8
  GoogleUserMessagingPlatform: befe603da6501006420c206222acd449bba45a9c
  GoogleUtilities: 00c88b9a86066ef77f0da2fab05f65d7768ed8e1
  GTMSessionFetcher: 5aea5ba6bd522a239e236100971f10cb71b96ab6
  in_app_review: 7dd1ea365263f834b8464673f9df72c80c17c937
  InMobiSDK: 43b1d6560bd75c8c382bb54fa8e248f5ed979860
  integration_test: 4a889634ef21a45d28d50d622cf412dc6d9f586e
  MaioSDK-v2: 02780811845ba7dff080c9b92b6a5d29484ac777
  MLImage: 0ad1c5f50edd027672d8b26b0fee78a8b4a0fc56
  MLKitCommon: 07c2c33ae5640e5380beaaa6e4b9c249a205542d
  MLKitTextRecognition: 3b41f3ff084a79afb214408d25d2068d77ab322c
  MLKitTextRecognitionCommon: cd44577a8c506fc6bba065096de03bec0d01a213
  MLKitVision: 45e79d68845a2de77e2dd4d7f07947f0ed157b0e
  nanopb: fad817b59e0457d11a5dfbde799381cd727c1275
  path_provider_foundation: bb55f6dbba17d0dccd6737fe6f7f34fbd0376880
  patrol: cea8074f183a2a4232d0ebd10569ae05149ada42
  permission_handler_apple: 4ed2196e43d0651e8ff7ca3483a069d469701f2d
  PromisesObjC: f5707f49cb48b9636751c5b2e7d227e43fba9f47
  PromisesSwift: 9d77319bbe72ebf6d872900551f7eeba9bce2851
  screen_brightness_ios: 9953fd7da5bd480f1a93990daeec2eb42d4f3b52
  screen_protector: 18c6aca2dc5d2a832f6787a5318f97f03e9d3150
  ScreenProtectorKit: 6ceb3e0808341a9bc15d175bff40dfdd4b32da71
  share_plus: 50da8cb520a8f0f65671c6c6a99b3617ed10a58a
  shared_preferences_foundation: 7036424c3d8ec98dfe75ff1667cb0cd531ec82bb
  sqflite_darwin: 20b2a3a3b70e43edae938624ce550a3cbf66a3d0
  url_launcher_ios: 7a95fa5b60cc718a708b8f2966718e93db0cef1b
  webview_flutter_wkwebview: 8ebf4fded22593026f7dbff1fbff31ea98573c8d

PODFILE CHECKSUM: a95fe49f247672321c3e15d82aabc288a8b46fe2

COCOAPODS: 1.16.2
